
Microsoft Visual Studio Solution File, Format Version 12.00
# Visual Studio Version 17
VisualStudioVersion = 17.5.33424.131
MinimumVisualStudioVersion = 10.0.40219.1
Project("{2150E333-8FDC-42A3-9474-1A3956D46DE8}") = "Solution Items", "Solution Items", "{248A29EB-B997-4B67-9D1F-3CCD5FBB927E}"
	ProjectSection(SolutionItems) = preProject
		.editorconfig = .editorconfig
		.gitignore = .gitignore
		README.md = README.md
	EndProjectSection
EndProject
Project("{2150E333-8FDC-42A3-9474-1A3956D46DE8}") = "src", "src", "{9CBAEE2E-8027-4AA4-8139-079931D07B3A}"
EndProject
Project("{2150E333-8FDC-42A3-9474-1A3956D46DE8}") = "tests", "tests", "{F7745BB3-CFC6-49CB-A066-53375EE45099}"
EndProject
Project("{2150E333-8FDC-42A3-9474-1A3956D46DE8}") = "Documentations", "Documentations", "{5240773F-24BC-4A31-8E72-AC5DC72EC50C}"
	ProjectSection(SolutionItems) = preProject
		Documentations\KEYCLOAK.md = Documentations\KEYCLOAK.md
		Documentations\POSTGRESQL.md = Documentations\POSTGRESQL.md
		Documentations\RABBITMQ.md = Documentations\RABBITMQ.md
		Documentations\REDIS.md = Documentations\REDIS.md
	EndProjectSection
EndProject
Project("{9A19103F-16F7-4668-BE54-9A1E7A4F7556}") = "RideSharing.Application", "src\RideSharing.Application\RideSharing.Application.csproj", "{C850FC17-297B-4CE1-836F-E6ECB8EF3033}"
EndProject
Project("{9A19103F-16F7-4668-BE54-9A1E7A4F7556}") = "RideSharing.Common", "src\RideSharing.Common\RideSharing.Common.csproj", "{8254A509-05DA-4E5C-82C5-238975099563}"
EndProject
Project("{9A19103F-16F7-4668-BE54-9A1E7A4F7556}") = "RideSharing.CustomerAPI", "src\RideSharing.CustomerAPI\RideSharing.CustomerAPI.csproj", "{EF9A971C-1669-42B9-8592-FF9D437E87B3}"
EndProject
Project("{9A19103F-16F7-4668-BE54-9A1E7A4F7556}") = "RideSharing.Domain", "src\RideSharing.Domain\RideSharing.Domain.csproj", "{2053FEDE-FF03-45A5-81B3-C582409735B4}"
EndProject
Project("{9A19103F-16F7-4668-BE54-9A1E7A4F7556}") = "RideSharing.Infrastructure", "src\RideSharing.Infrastructure\RideSharing.Infrastructure.csproj", "{91AE2B00-284D-4CB8-AB5B-10435F719A01}"
EndProject
Project("{9A19103F-16F7-4668-BE54-9A1E7A4F7556}") = "RideSharing.Application.UnitTests", "tests\RideSharing.Application.UnitTests\RideSharing.Application.UnitTests.csproj", "{30487341-17C5-467B-9DE8-344030D50D91}"
EndProject
Project("{9A19103F-16F7-4668-BE54-9A1E7A4F7556}") = "RideSharing.Common.UnitTests", "tests\RideSharing.Common.UnitTests\RideSharing.Common.UnitTests.csproj", "{FC6594F8-55D2-4E64-B9C8-07B67CA7865F}"
EndProject
Project("{9A19103F-16F7-4668-BE54-9A1E7A4F7556}") = "RideSharing.CustomerAPI.UnitTests", "tests\RideSharing.CustomerAPI.UnitTests\RideSharing.CustomerAPI.UnitTests.csproj", "{04A95E40-0FD7-4DD0-80B2-E4F643C76568}"
EndProject
Project("{9A19103F-16F7-4668-BE54-9A1E7A4F7556}") = "RideSharing.Domain.UnitTests", "tests\RideSharing.Domain.UnitTests\RideSharing.Domain.UnitTests.csproj", "{82B891E7-536C-43C7-A252-B5D8B8CF4E53}"
EndProject
Project("{9A19103F-16F7-4668-BE54-9A1E7A4F7556}") = "RideSharing.AuthenticationAPI", "src\RideSharing.AuthenticationAPI\RideSharing.AuthenticationAPI.csproj", "{B66F290F-DDC2-4268-9DDA-E6B543F25202}"
EndProject
Project("{2150E333-8FDC-42A3-9474-1A3956D46DE8}") = "deploy", "deploy", "{899A0D46-B32C-426C-9F45-E0904E6DDEE6}"
	ProjectSection(SolutionItems) = preProject
		deploy\docker-compose.dev.yml = deploy\docker-compose.dev.yml
		deploy\docker-compose.nginx.yml = deploy\docker-compose.nginx.yml
		deploy\docker-compose.postgres.yml = deploy\docker-compose.postgres.yml
		deploy\docker-compose.rabbitmq.yml = deploy\docker-compose.rabbitmq.yml
		deploy\docker-compose.redis.yml = deploy\docker-compose.redis.yml
		deploy\.env = deploy\.env
		deploy\.env.example = deploy\.env.example
	EndProjectSection
EndProject
Project("{2150E333-8FDC-42A3-9474-1A3956D46DE8}") = "nginx", "nginx", "{1262C99A-4E25-4BD4-B9F7-081B14D8B55C}"
	ProjectSection(SolutionItems) = preProject
		deploy\nginx\nginx.dev.conf = deploy\nginx\nginx.dev.conf
	EndProjectSection
EndProject
Project("{9A19103F-16F7-4668-BE54-9A1E7A4F7556}") = "RideSharing.NotificationService", "src\RideSharing.NotificationService\RideSharing.NotificationService.csproj", "{EAFF1A41-6D58-445A-8F92-DF05899052C3}"
EndProject
Project("{9A19103F-16F7-4668-BE54-9A1E7A4F7556}") = "RideSharing.ServiceBus", "src\RideSharing.ServiceBus\RideSharing.ServiceBus.csproj", "{0088D350-CC57-4F34-9BE5-BF2384314D50}"
EndProject
Project("{9A19103F-16F7-4668-BE54-9A1E7A4F7556}") = "RideSharing.Processor", "src\RideSharing.Processor\RideSharing.Processor.csproj", "{543B1677-BBC5-4238-A57C-01103BC95FE1}"
EndProject
Project("{9A19103F-16F7-4668-BE54-9A1E7A4F7556}") = "RideSharing.Processor.UnitTests", "tests\RideSharing.Processor.UnitTests\RideSharing.Processor.UnitTests.csproj", "{07712866-CAE3-4D74-B5BB-58F6AC68FEB2}"
EndProject
Project("{FAE04EC0-301F-11D3-BF4B-00C04F79EFBC}") = "RideSharing.ServiceBus.FunctionalTests", "tests\RideSharing.ServiceBus.FunctionalTests\RideSharing.ServiceBus.FunctionalTests.csproj", "{EC71F630-43DE-4AE8-9529-32E8185D24FD}"
EndProject
Project("{FAE04EC0-301F-11D3-BF4B-00C04F79EFBC}") = "RideSharing.PushService", "src\RideSharing.PushService\RideSharing.PushService.csproj", "{378500C3-BB82-45CB-85A9-9DEBD4CB5957}"
EndProject
Project("{FAE04EC0-301F-11D3-BF4B-00C04F79EFBC}") = "RideSharing.PaymentService", "src\RideSharing.Payment\RideSharing.PaymentService.csproj", "{9744D8CA-C215-48AE-95D4-241C190D720D}"
EndProject
Project("{FAE04EC0-301F-11D3-BF4B-00C04F79EFBC}") = "RideSharing.Persistence", "src\RideSharing.Persistence\RideSharing.Persistence.csproj", "{FC1BBE83-C448-4398-A59F-F7DD1AF25773}"
EndProject
Global
	GlobalSection(SolutionConfigurationPlatforms) = preSolution
		Debug|Any CPU = Debug|Any CPU
		Release|Any CPU = Release|Any CPU
	EndGlobalSection
	GlobalSection(ProjectConfigurationPlatforms) = postSolution
		{C850FC17-297B-4CE1-836F-E6ECB8EF3033}.Debug|Any CPU.ActiveCfg = Debug|Any CPU
		{C850FC17-297B-4CE1-836F-E6ECB8EF3033}.Debug|Any CPU.Build.0 = Debug|Any CPU
		{C850FC17-297B-4CE1-836F-E6ECB8EF3033}.Release|Any CPU.ActiveCfg = Release|Any CPU
		{C850FC17-297B-4CE1-836F-E6ECB8EF3033}.Release|Any CPU.Build.0 = Release|Any CPU
		{8254A509-05DA-4E5C-82C5-238975099563}.Debug|Any CPU.ActiveCfg = Debug|Any CPU
		{8254A509-05DA-4E5C-82C5-238975099563}.Debug|Any CPU.Build.0 = Debug|Any CPU
		{8254A509-05DA-4E5C-82C5-238975099563}.Release|Any CPU.ActiveCfg = Release|Any CPU
		{8254A509-05DA-4E5C-82C5-238975099563}.Release|Any CPU.Build.0 = Release|Any CPU
		{EF9A971C-1669-42B9-8592-FF9D437E87B3}.Debug|Any CPU.ActiveCfg = Debug|Any CPU
		{EF9A971C-1669-42B9-8592-FF9D437E87B3}.Debug|Any CPU.Build.0 = Debug|Any CPU
		{EF9A971C-1669-42B9-8592-FF9D437E87B3}.Release|Any CPU.ActiveCfg = Release|Any CPU
		{EF9A971C-1669-42B9-8592-FF9D437E87B3}.Release|Any CPU.Build.0 = Release|Any CPU
		{2053FEDE-FF03-45A5-81B3-C582409735B4}.Debug|Any CPU.ActiveCfg = Debug|Any CPU
		{2053FEDE-FF03-45A5-81B3-C582409735B4}.Debug|Any CPU.Build.0 = Debug|Any CPU
		{2053FEDE-FF03-45A5-81B3-C582409735B4}.Release|Any CPU.ActiveCfg = Release|Any CPU
		{2053FEDE-FF03-45A5-81B3-C582409735B4}.Release|Any CPU.Build.0 = Release|Any CPU
		{91AE2B00-284D-4CB8-AB5B-10435F719A01}.Debug|Any CPU.ActiveCfg = Debug|Any CPU
		{91AE2B00-284D-4CB8-AB5B-10435F719A01}.Debug|Any CPU.Build.0 = Debug|Any CPU
		{91AE2B00-284D-4CB8-AB5B-10435F719A01}.Release|Any CPU.ActiveCfg = Release|Any CPU
		{91AE2B00-284D-4CB8-AB5B-10435F719A01}.Release|Any CPU.Build.0 = Release|Any CPU
		{30487341-17C5-467B-9DE8-344030D50D91}.Debug|Any CPU.ActiveCfg = Debug|Any CPU
		{30487341-17C5-467B-9DE8-344030D50D91}.Debug|Any CPU.Build.0 = Debug|Any CPU
		{30487341-17C5-467B-9DE8-344030D50D91}.Release|Any CPU.ActiveCfg = Release|Any CPU
		{30487341-17C5-467B-9DE8-344030D50D91}.Release|Any CPU.Build.0 = Release|Any CPU
		{FC6594F8-55D2-4E64-B9C8-07B67CA7865F}.Debug|Any CPU.ActiveCfg = Debug|Any CPU
		{FC6594F8-55D2-4E64-B9C8-07B67CA7865F}.Debug|Any CPU.Build.0 = Debug|Any CPU
		{FC6594F8-55D2-4E64-B9C8-07B67CA7865F}.Release|Any CPU.ActiveCfg = Release|Any CPU
		{FC6594F8-55D2-4E64-B9C8-07B67CA7865F}.Release|Any CPU.Build.0 = Release|Any CPU
		{04A95E40-0FD7-4DD0-80B2-E4F643C76568}.Debug|Any CPU.ActiveCfg = Debug|Any CPU
		{04A95E40-0FD7-4DD0-80B2-E4F643C76568}.Debug|Any CPU.Build.0 = Debug|Any CPU
		{04A95E40-0FD7-4DD0-80B2-E4F643C76568}.Release|Any CPU.ActiveCfg = Release|Any CPU
		{04A95E40-0FD7-4DD0-80B2-E4F643C76568}.Release|Any CPU.Build.0 = Release|Any CPU
		{82B891E7-536C-43C7-A252-B5D8B8CF4E53}.Debug|Any CPU.ActiveCfg = Debug|Any CPU
		{82B891E7-536C-43C7-A252-B5D8B8CF4E53}.Debug|Any CPU.Build.0 = Debug|Any CPU
		{82B891E7-536C-43C7-A252-B5D8B8CF4E53}.Release|Any CPU.ActiveCfg = Release|Any CPU
		{82B891E7-536C-43C7-A252-B5D8B8CF4E53}.Release|Any CPU.Build.0 = Release|Any CPU
		{B66F290F-DDC2-4268-9DDA-E6B543F25202}.Debug|Any CPU.ActiveCfg = Debug|Any CPU
		{B66F290F-DDC2-4268-9DDA-E6B543F25202}.Debug|Any CPU.Build.0 = Debug|Any CPU
		{B66F290F-DDC2-4268-9DDA-E6B543F25202}.Release|Any CPU.ActiveCfg = Release|Any CPU
		{B66F290F-DDC2-4268-9DDA-E6B543F25202}.Release|Any CPU.Build.0 = Release|Any CPU
		{EAFF1A41-6D58-445A-8F92-DF05899052C3}.Debug|Any CPU.ActiveCfg = Debug|Any CPU
		{EAFF1A41-6D58-445A-8F92-DF05899052C3}.Debug|Any CPU.Build.0 = Debug|Any CPU
		{EAFF1A41-6D58-445A-8F92-DF05899052C3}.Release|Any CPU.ActiveCfg = Release|Any CPU
		{EAFF1A41-6D58-445A-8F92-DF05899052C3}.Release|Any CPU.Build.0 = Release|Any CPU
		{0088D350-CC57-4F34-9BE5-BF2384314D50}.Debug|Any CPU.ActiveCfg = Debug|Any CPU
		{0088D350-CC57-4F34-9BE5-BF2384314D50}.Debug|Any CPU.Build.0 = Debug|Any CPU
		{0088D350-CC57-4F34-9BE5-BF2384314D50}.Release|Any CPU.ActiveCfg = Release|Any CPU
		{0088D350-CC57-4F34-9BE5-BF2384314D50}.Release|Any CPU.Build.0 = Release|Any CPU
		{543B1677-BBC5-4238-A57C-01103BC95FE1}.Debug|Any CPU.ActiveCfg = Debug|Any CPU
		{543B1677-BBC5-4238-A57C-01103BC95FE1}.Debug|Any CPU.Build.0 = Debug|Any CPU
		{543B1677-BBC5-4238-A57C-01103BC95FE1}.Release|Any CPU.ActiveCfg = Release|Any CPU
		{543B1677-BBC5-4238-A57C-01103BC95FE1}.Release|Any CPU.Build.0 = Release|Any CPU
		{07712866-CAE3-4D74-B5BB-58F6AC68FEB2}.Debug|Any CPU.ActiveCfg = Debug|Any CPU
		{07712866-CAE3-4D74-B5BB-58F6AC68FEB2}.Debug|Any CPU.Build.0 = Debug|Any CPU
		{07712866-CAE3-4D74-B5BB-58F6AC68FEB2}.Release|Any CPU.ActiveCfg = Release|Any CPU
		{07712866-CAE3-4D74-B5BB-58F6AC68FEB2}.Release|Any CPU.Build.0 = Release|Any CPU
		{EC71F630-43DE-4AE8-9529-32E8185D24FD}.Debug|Any CPU.ActiveCfg = Debug|Any CPU
		{EC71F630-43DE-4AE8-9529-32E8185D24FD}.Debug|Any CPU.Build.0 = Debug|Any CPU
		{EC71F630-43DE-4AE8-9529-32E8185D24FD}.Release|Any CPU.ActiveCfg = Release|Any CPU
		{EC71F630-43DE-4AE8-9529-32E8185D24FD}.Release|Any CPU.Build.0 = Release|Any CPU
		{378500C3-BB82-45CB-85A9-9DEBD4CB5957}.Debug|Any CPU.ActiveCfg = Debug|Any CPU
		{378500C3-BB82-45CB-85A9-9DEBD4CB5957}.Debug|Any CPU.Build.0 = Debug|Any CPU
		{378500C3-BB82-45CB-85A9-9DEBD4CB5957}.Release|Any CPU.ActiveCfg = Release|Any CPU
		{378500C3-BB82-45CB-85A9-9DEBD4CB5957}.Release|Any CPU.Build.0 = Release|Any CPU
		{9744D8CA-C215-48AE-95D4-241C190D720D}.Debug|Any CPU.ActiveCfg = Debug|Any CPU
		{9744D8CA-C215-48AE-95D4-241C190D720D}.Debug|Any CPU.Build.0 = Debug|Any CPU
		{9744D8CA-C215-48AE-95D4-241C190D720D}.Release|Any CPU.ActiveCfg = Release|Any CPU
		{9744D8CA-C215-48AE-95D4-241C190D720D}.Release|Any CPU.Build.0 = Release|Any CPU
		{FC1BBE83-C448-4398-A59F-F7DD1AF25773}.Debug|Any CPU.ActiveCfg = Debug|Any CPU
		{FC1BBE83-C448-4398-A59F-F7DD1AF25773}.Debug|Any CPU.Build.0 = Debug|Any CPU
		{FC1BBE83-C448-4398-A59F-F7DD1AF25773}.Release|Any CPU.ActiveCfg = Release|Any CPU
		{FC1BBE83-C448-4398-A59F-F7DD1AF25773}.Release|Any CPU.Build.0 = Release|Any CPU
	EndGlobalSection
	GlobalSection(SolutionProperties) = preSolution
		HideSolutionNode = FALSE
	EndGlobalSection
	GlobalSection(NestedProjects) = preSolution
		{5240773F-24BC-4A31-8E72-AC5DC72EC50C} = {248A29EB-B997-4B67-9D1F-3CCD5FBB927E}
		{C850FC17-297B-4CE1-836F-E6ECB8EF3033} = {9CBAEE2E-8027-4AA4-8139-079931D07B3A}
		{8254A509-05DA-4E5C-82C5-238975099563} = {9CBAEE2E-8027-4AA4-8139-079931D07B3A}
		{EF9A971C-1669-42B9-8592-FF9D437E87B3} = {9CBAEE2E-8027-4AA4-8139-079931D07B3A}
		{2053FEDE-FF03-45A5-81B3-C582409735B4} = {9CBAEE2E-8027-4AA4-8139-079931D07B3A}
		{91AE2B00-284D-4CB8-AB5B-10435F719A01} = {9CBAEE2E-8027-4AA4-8139-079931D07B3A}
		{30487341-17C5-467B-9DE8-344030D50D91} = {F7745BB3-CFC6-49CB-A066-53375EE45099}
		{FC6594F8-55D2-4E64-B9C8-07B67CA7865F} = {F7745BB3-CFC6-49CB-A066-53375EE45099}
		{04A95E40-0FD7-4DD0-80B2-E4F643C76568} = {F7745BB3-CFC6-49CB-A066-53375EE45099}
		{82B891E7-536C-43C7-A252-B5D8B8CF4E53} = {F7745BB3-CFC6-49CB-A066-53375EE45099}
		{B66F290F-DDC2-4268-9DDA-E6B543F25202} = {9CBAEE2E-8027-4AA4-8139-079931D07B3A}
		{899A0D46-B32C-426C-9F45-E0904E6DDEE6} = {248A29EB-B997-4B67-9D1F-3CCD5FBB927E}
		{1262C99A-4E25-4BD4-B9F7-081B14D8B55C} = {899A0D46-B32C-426C-9F45-E0904E6DDEE6}
		{EAFF1A41-6D58-445A-8F92-DF05899052C3} = {9CBAEE2E-8027-4AA4-8139-079931D07B3A}
		{0088D350-CC57-4F34-9BE5-BF2384314D50} = {9CBAEE2E-8027-4AA4-8139-079931D07B3A}
		{543B1677-BBC5-4238-A57C-01103BC95FE1} = {9CBAEE2E-8027-4AA4-8139-079931D07B3A}
		{07712866-CAE3-4D74-B5BB-58F6AC68FEB2} = {F7745BB3-CFC6-49CB-A066-53375EE45099}
		{EC71F630-43DE-4AE8-9529-32E8185D24FD} = {F7745BB3-CFC6-49CB-A066-53375EE45099}
		{378500C3-BB82-45CB-85A9-9DEBD4CB5957} = {9CBAEE2E-8027-4AA4-8139-079931D07B3A}
		{9744D8CA-C215-48AE-95D4-241C190D720D} = {9CBAEE2E-8027-4AA4-8139-079931D07B3A}
		{FC1BBE83-C448-4398-A59F-F7DD1AF25773} = {9CBAEE2E-8027-4AA4-8139-079931D07B3A}
	EndGlobalSection
	GlobalSection(ExtensibilityGlobals) = postSolution
		SolutionGuid = {5FCFC5BF-A009-4EAC-9DC4-914A8D3E5243}
	EndGlobalSection
EndGlobal
