
Microsoft Visual Studio Solution File, Format Version 12.00
# Visual Studio Version 17
VisualStudioVersion = 17.5.33424.131
MinimumVisualStudioVersion = 10.0.40219.1
Project("{2150E333-8FDC-42A3-9474-1A3956D46DE8}") = "Solution Items", "Solution Items", "{248A29EB-B997-4B67-9D1F-3CCD5FBB927E}"
	ProjectSection(SolutionItems) = preProject
		.env = .env
		.env.example = .env.example
		.gitignore = .gitignore
		docker-compose-keycloak.dev.yml = docker-compose-keycloak.dev.yml
		docker-compose-keycloak.prod.yml = docker-compose-keycloak.prod.yml
		docker-compose-postgres.yml = docker-compose-postgres.yml
		docker-compose-rabbitmq.yml = docker-compose-rabbitmq.yml
		docker-compose-redis.yml = docker-compose-redis.yml
		docker-compose.dev.yml = docker-compose.dev.yml
		docker-compose.yml = docker-compose.yml
		README.md = README.md
	EndProjectSection
EndProject
Project("{2150E333-8FDC-42A3-9474-1A3956D46DE8}") = "src", "src", "{9CBAEE2E-8027-4AA4-8139-079931D07B3A}"
EndProject
Project("{2150E333-8FDC-42A3-9474-1A3956D46DE8}") = "tests", "tests", "{F7745BB3-CFC6-49CB-A066-53375EE45099}"
EndProject
Project("{2150E333-8FDC-42A3-9474-1A3956D46DE8}") = "RideSharing", "RideSharing", "{118A2D1F-F3F0-4C9D-A953-CA0159DD0B42}"
EndProject
Project("{2150E333-8FDC-42A3-9474-1A3956D46DE8}") = "RideSharing", "RideSharing", "{4CE3B9E7-4849-46E9-981D-A97550E1929E}"
EndProject
Project("{2150E333-8FDC-42A3-9474-1A3956D46DE8}") = "Common", "Common", "{66320162-BCD4-4E6D-803B-354AF8E770C8}"
EndProject
Project("{9A19103F-16F7-4668-BE54-9A1E7A4F7556}") = "RideSharing.Common", "src\Common\RideSharing.Common\RideSharing.Common.csproj", "{52BBE0B0-B5D3-4BEF-A833-E4674A283C18}"
EndProject
Project("{2150E333-8FDC-42A3-9474-1A3956D46DE8}") = "Common", "Common", "{51B33F09-B763-44AC-B5E5-335154FD4AFF}"
EndProject
Project("{9A19103F-16F7-4668-BE54-9A1E7A4F7556}") = "RideSharing.Common.UnitTests", "tests\Common\RideSharing.Common.UnitTests\RideSharing.Common.UnitTests.csproj", "{9282A615-724E-49E1-8075-CBEF01232451}"
EndProject
Project("{9A19103F-16F7-4668-BE54-9A1E7A4F7556}") = "RideSharing.CustomerAPI.UnitTests", "tests\RideSharing\RideSharing.CustomerAPI.UnitTests\RideSharing.CustomerAPI.UnitTests.csproj", "{F3D6AF4F-3693-4E46-81DD-A0F2F824F575}"
EndProject
Project("{2150E333-8FDC-42A3-9474-1A3956D46DE8}") = "keycloak", "keycloak", "{3A40E1D3-F043-404E-873F-47EE0895DD87}"
	ProjectSection(SolutionItems) = preProject
		keycloak\realm-export.json = keycloak\realm-export.json
	EndProjectSection
EndProject
Project("{2150E333-8FDC-42A3-9474-1A3956D46DE8}") = "nginx", "nginx", "{E8371E64-8EDE-414F-8B4B-725180C30A82}"
	ProjectSection(SolutionItems) = preProject
		nginx\nginx.conf = nginx\nginx.conf
		nginx\nginx.dev.conf = nginx\nginx.dev.conf
	EndProjectSection
EndProject
Project("{2150E333-8FDC-42A3-9474-1A3956D46DE8}") = "Documentations", "Documentations", "{5240773F-24BC-4A31-8E72-AC5DC72EC50C}"
	ProjectSection(SolutionItems) = preProject
		Documentations\KEYCLOAK.md = Documentations\KEYCLOAK.md
		Documentations\POSTGRESQL.md = Documentations\POSTGRESQL.md
		Documentations\RABBITMQ.md = Documentations\RABBITMQ.md
		Documentations\REDIS.md = Documentations\REDIS.md
	EndProjectSection
EndProject
Project("{2150E333-8FDC-42A3-9474-1A3956D46DE8}") = "keycloak", "keycloak", "{F80900B7-A383-48F8-9B14-F37D0E41132F}"
	ProjectSection(SolutionItems) = preProject
		nginx\keycloak\nginx.conf = nginx\keycloak\nginx.conf
		nginx\keycloak\nginx.dev.conf = nginx\keycloak\nginx.dev.conf
	EndProjectSection
EndProject
Project("{9A19103F-16F7-4668-BE54-9A1E7A4F7556}") = "RideSharing.CustomerAPI", "src\RideSharing\RideSharing.CustomerAPI\RideSharing.CustomerAPI.csproj", "{09F1C768-E726-488C-BBB9-8DFF9844DDCF}"
EndProject
Project("{9A19103F-16F7-4668-BE54-9A1E7A4F7556}") = "RideSharing.Infrastructure", "src\RideSharing\RideSharing.Infrastructure\RideSharing.Infrastructure.csproj", "{992CF09A-DC0B-496F-AEBD-EB9433516CCC}"
EndProject
Project("{9A19103F-16F7-4668-BE54-9A1E7A4F7556}") = "RideSharing.Application", "src\RideSharing\RideSharing.Application\RideSharing.Application.csproj", "{58E8CB6F-90EE-46BE-8E0C-DE333E707943}"
EndProject
Project("{9A19103F-16F7-4668-BE54-9A1E7A4F7556}") = "RideSharing.Application.UnitTests", "tests\RideSharing\RideSharing.Application.UnitTests\RideSharing.Application.UnitTests.csproj", "{D11723A9-95C1-4FB4-9B78-B1BCF4343AE8}"
EndProject
Project("{9A19103F-16F7-4668-BE54-9A1E7A4F7556}") = "RideSharing.InternalAPI.UnitTests", "tests\RideSharing\RideSharing.InternalAPI.UnitTests\RideSharing.InternalAPI.UnitTests.csproj", "{64F6D1CE-6F2A-4891-8DC9-B597580EF67B}"
EndProject
Project("{9A19103F-16F7-4668-BE54-9A1E7A4F7556}") = "RideSharing.Domain.UnitTests", "tests\RideSharing\RideSharing.Domain.UnitTests\RideSharing.Domain.UnitTests.csproj", "{7597B290-EEA6-4FFF-BC77-596EA3A76EAD}"
EndProject
Project("{9A19103F-16F7-4668-BE54-9A1E7A4F7556}") = "RideSharing.Domain", "src\RideSharing\RideSharing.Domain\RideSharing.Domain.csproj", "{3093AF6E-5B94-42C3-86FC-A5383BDA0A79}"
EndProject
Global
	GlobalSection(SolutionConfigurationPlatforms) = preSolution
		Debug|Any CPU = Debug|Any CPU
		Release|Any CPU = Release|Any CPU
	EndGlobalSection
	GlobalSection(ProjectConfigurationPlatforms) = postSolution
		{52BBE0B0-B5D3-4BEF-A833-E4674A283C18}.Debug|Any CPU.ActiveCfg = Debug|Any CPU
		{52BBE0B0-B5D3-4BEF-A833-E4674A283C18}.Debug|Any CPU.Build.0 = Debug|Any CPU
		{52BBE0B0-B5D3-4BEF-A833-E4674A283C18}.Release|Any CPU.ActiveCfg = Release|Any CPU
		{52BBE0B0-B5D3-4BEF-A833-E4674A283C18}.Release|Any CPU.Build.0 = Release|Any CPU
		{9282A615-724E-49E1-8075-CBEF01232451}.Debug|Any CPU.ActiveCfg = Debug|Any CPU
		{9282A615-724E-49E1-8075-CBEF01232451}.Debug|Any CPU.Build.0 = Debug|Any CPU
		{9282A615-724E-49E1-8075-CBEF01232451}.Release|Any CPU.ActiveCfg = Release|Any CPU
		{9282A615-724E-49E1-8075-CBEF01232451}.Release|Any CPU.Build.0 = Release|Any CPU
		{F3D6AF4F-3693-4E46-81DD-A0F2F824F575}.Debug|Any CPU.ActiveCfg = Debug|Any CPU
		{F3D6AF4F-3693-4E46-81DD-A0F2F824F575}.Debug|Any CPU.Build.0 = Debug|Any CPU
		{F3D6AF4F-3693-4E46-81DD-A0F2F824F575}.Release|Any CPU.ActiveCfg = Release|Any CPU
		{F3D6AF4F-3693-4E46-81DD-A0F2F824F575}.Release|Any CPU.Build.0 = Release|Any CPU
		{09F1C768-E726-488C-BBB9-8DFF9844DDCF}.Debug|Any CPU.ActiveCfg = Debug|Any CPU
		{09F1C768-E726-488C-BBB9-8DFF9844DDCF}.Debug|Any CPU.Build.0 = Debug|Any CPU
		{09F1C768-E726-488C-BBB9-8DFF9844DDCF}.Release|Any CPU.ActiveCfg = Release|Any CPU
		{09F1C768-E726-488C-BBB9-8DFF9844DDCF}.Release|Any CPU.Build.0 = Release|Any CPU
		{992CF09A-DC0B-496F-AEBD-EB9433516CCC}.Debug|Any CPU.ActiveCfg = Debug|Any CPU
		{992CF09A-DC0B-496F-AEBD-EB9433516CCC}.Debug|Any CPU.Build.0 = Debug|Any CPU
		{992CF09A-DC0B-496F-AEBD-EB9433516CCC}.Release|Any CPU.ActiveCfg = Release|Any CPU
		{992CF09A-DC0B-496F-AEBD-EB9433516CCC}.Release|Any CPU.Build.0 = Release|Any CPU
		{58E8CB6F-90EE-46BE-8E0C-DE333E707943}.Debug|Any CPU.ActiveCfg = Debug|Any CPU
		{58E8CB6F-90EE-46BE-8E0C-DE333E707943}.Debug|Any CPU.Build.0 = Debug|Any CPU
		{58E8CB6F-90EE-46BE-8E0C-DE333E707943}.Release|Any CPU.ActiveCfg = Release|Any CPU
		{58E8CB6F-90EE-46BE-8E0C-DE333E707943}.Release|Any CPU.Build.0 = Release|Any CPU
		{D11723A9-95C1-4FB4-9B78-B1BCF4343AE8}.Debug|Any CPU.ActiveCfg = Debug|Any CPU
		{D11723A9-95C1-4FB4-9B78-B1BCF4343AE8}.Debug|Any CPU.Build.0 = Debug|Any CPU
		{D11723A9-95C1-4FB4-9B78-B1BCF4343AE8}.Release|Any CPU.ActiveCfg = Release|Any CPU
		{D11723A9-95C1-4FB4-9B78-B1BCF4343AE8}.Release|Any CPU.Build.0 = Release|Any CPU
		{64F6D1CE-6F2A-4891-8DC9-B597580EF67B}.Debug|Any CPU.ActiveCfg = Debug|Any CPU
		{64F6D1CE-6F2A-4891-8DC9-B597580EF67B}.Debug|Any CPU.Build.0 = Debug|Any CPU
		{64F6D1CE-6F2A-4891-8DC9-B597580EF67B}.Release|Any CPU.ActiveCfg = Release|Any CPU
		{64F6D1CE-6F2A-4891-8DC9-B597580EF67B}.Release|Any CPU.Build.0 = Release|Any CPU
		{7597B290-EEA6-4FFF-BC77-596EA3A76EAD}.Debug|Any CPU.ActiveCfg = Debug|Any CPU
		{7597B290-EEA6-4FFF-BC77-596EA3A76EAD}.Debug|Any CPU.Build.0 = Debug|Any CPU
		{7597B290-EEA6-4FFF-BC77-596EA3A76EAD}.Release|Any CPU.ActiveCfg = Release|Any CPU
		{7597B290-EEA6-4FFF-BC77-596EA3A76EAD}.Release|Any CPU.Build.0 = Release|Any CPU
		{3093AF6E-5B94-42C3-86FC-A5383BDA0A79}.Debug|Any CPU.ActiveCfg = Debug|Any CPU
		{3093AF6E-5B94-42C3-86FC-A5383BDA0A79}.Debug|Any CPU.Build.0 = Debug|Any CPU
		{3093AF6E-5B94-42C3-86FC-A5383BDA0A79}.Release|Any CPU.ActiveCfg = Release|Any CPU
		{3093AF6E-5B94-42C3-86FC-A5383BDA0A79}.Release|Any CPU.Build.0 = Release|Any CPU
	EndGlobalSection
	GlobalSection(SolutionProperties) = preSolution
		HideSolutionNode = FALSE
	EndGlobalSection
	GlobalSection(NestedProjects) = preSolution
		{118A2D1F-F3F0-4C9D-A953-CA0159DD0B42} = {9CBAEE2E-8027-4AA4-8139-079931D07B3A}
		{4CE3B9E7-4849-46E9-981D-A97550E1929E} = {F7745BB3-CFC6-49CB-A066-53375EE45099}
		{66320162-BCD4-4E6D-803B-354AF8E770C8} = {9CBAEE2E-8027-4AA4-8139-079931D07B3A}
		{52BBE0B0-B5D3-4BEF-A833-E4674A283C18} = {66320162-BCD4-4E6D-803B-354AF8E770C8}
		{51B33F09-B763-44AC-B5E5-335154FD4AFF} = {F7745BB3-CFC6-49CB-A066-53375EE45099}
		{9282A615-724E-49E1-8075-CBEF01232451} = {51B33F09-B763-44AC-B5E5-335154FD4AFF}
		{F3D6AF4F-3693-4E46-81DD-A0F2F824F575} = {4CE3B9E7-4849-46E9-981D-A97550E1929E}
		{3A40E1D3-F043-404E-873F-47EE0895DD87} = {248A29EB-B997-4B67-9D1F-3CCD5FBB927E}
		{E8371E64-8EDE-414F-8B4B-725180C30A82} = {248A29EB-B997-4B67-9D1F-3CCD5FBB927E}
		{5240773F-24BC-4A31-8E72-AC5DC72EC50C} = {248A29EB-B997-4B67-9D1F-3CCD5FBB927E}
		{F80900B7-A383-48F8-9B14-F37D0E41132F} = {E8371E64-8EDE-414F-8B4B-725180C30A82}
		{09F1C768-E726-488C-BBB9-8DFF9844DDCF} = {118A2D1F-F3F0-4C9D-A953-CA0159DD0B42}
		{992CF09A-DC0B-496F-AEBD-EB9433516CCC} = {118A2D1F-F3F0-4C9D-A953-CA0159DD0B42}
		{58E8CB6F-90EE-46BE-8E0C-DE333E707943} = {118A2D1F-F3F0-4C9D-A953-CA0159DD0B42}
		{D11723A9-95C1-4FB4-9B78-B1BCF4343AE8} = {4CE3B9E7-4849-46E9-981D-A97550E1929E}
		{64F6D1CE-6F2A-4891-8DC9-B597580EF67B} = {4CE3B9E7-4849-46E9-981D-A97550E1929E}
		{7597B290-EEA6-4FFF-BC77-596EA3A76EAD} = {4CE3B9E7-4849-46E9-981D-A97550E1929E}
		{3093AF6E-5B94-42C3-86FC-A5383BDA0A79} = {118A2D1F-F3F0-4C9D-A953-CA0159DD0B42}
	EndGlobalSection
	GlobalSection(ExtensibilityGlobals) = postSolution
		SolutionGuid = {5FCFC5BF-A009-4EAC-9DC4-914A8D3E5243}
	EndGlobalSection
EndGlobal
